
Microsoft Visual Studio Solution File, Format Version 12.00
# Visual Studio 15
VisualStudioVersion = 15.0.26124.0
MinimumVisualStudioVersion = 15.0.26124.0
Project("{2150E333-8FDC-42A3-9474-1A3956D46DE8}") = "src", "src", "{C6E27B2C-7D3E-4DA2-8D93-363AB1709AB3}"
EndProject
Project("{FAE04EC0-301F-11D3-BF4B-00C04F79EFBC}") = "BillTracker", "src\BillTracker\BillTracker.csproj", "{6B487889-2AA6-4AA7-9415-596F4C7166AB}"
EndProject
Project("{2150E333-8FDC-42A3-9474-1A3956D46DE8}") = "test", "test", "{621D835E-711C-4858-BA86-BC04F50AAEEA}"
EndProject
Project("{FAE04EC0-301F-11D3-BF4B-00C04F79EFBC}") = "BillTracker.Tests", "test\BillTracker.Tests\BillTracker.Tests.csproj", "{11A4FFBF-5349-4404-9349-8AFAA6668D69}"
EndProject
Global
	GlobalSection(SolutionConfigurationPlatforms) = preSolution
		Debug|Any CPU = Debug|Any CPU
		Debug|x64 = Debug|x64
		Debug|x86 = Debug|x86
		Release|Any CPU = Release|Any CPU
		Release|x64 = Release|x64
		Release|x86 = Release|x86
	EndGlobalSection
	GlobalSection(SolutionProperties) = preSolution
		HideSolutionNode = FALSE
	EndGlobalSection
	GlobalSection(ProjectConfigurationPlatforms) = postSolution
		{6B487889-2AA6-4AA7-9415-596F4C7166AB}.Debug|Any CPU.ActiveCfg = Debug|Any CPU
		{6B487889-2AA6-4AA7-9415-596F4C7166AB}.Debug|Any CPU.Build.0 = Debug|Any CPU
		{6B487889-2AA6-4AA7-9415-596F4C7166AB}.Debug|x64.ActiveCfg = Debug|Any CPU
		{6B487889-2AA6-4AA7-9415-596F4C7166AB}.Debug|x64.Build.0 = Debug|Any CPU
		{6B487889-2AA6-4AA7-9415-596F4C7166AB}.Debug|x86.ActiveCfg = Debug|Any CPU
		{6B487889-2AA6-4AA7-9415-596F4C7166AB}.Debug|x86.Build.0 = Debug|Any CPU
		{6B487889-2AA6-4AA7-9415-596F4C7166AB}.Release|Any CPU.ActiveCfg = Release|Any CPU
		{6B487889-2AA6-4AA7-9415-596F4C7166AB}.Release|Any CPU.Build.0 = Release|Any CPU
		{6B487889-2AA6-4AA7-9415-596F4C7166AB}.Release|x64.ActiveCfg = Release|Any CPU
		{6B487889-2AA6-4AA7-9415-596F4C7166AB}.Release|x64.Build.0 = Release|Any CPU
		{6B487889-2AA6-4AA7-9415-596F4C7166AB}.Release|x86.ActiveCfg = Release|Any CPU
		{6B487889-2AA6-4AA7-9415-596F4C7166AB}.Release|x86.Build.0 = Release|Any CPU
		{11A4FFBF-5349-4404-9349-8AFAA6668D69}.Debug|Any CPU.ActiveCfg = Debug|Any CPU
		{11A4FFBF-5349-4404-9349-8AFAA6668D69}.Debug|Any CPU.Build.0 = Debug|Any CPU
		{11A4FFBF-5349-4404-9349-8AFAA6668D69}.Debug|x64.ActiveCfg = Debug|Any CPU
		{11A4FFBF-5349-4404-9349-8AFAA6668D69}.Debug|x64.Build.0 = Debug|Any CPU
		{11A4FFBF-5349-4404-9349-8AFAA6668D69}.Debug|x86.ActiveCfg = Debug|Any CPU
		{11A4FFBF-5349-4404-9349-8AFAA6668D69}.Debug|x86.Build.0 = Debug|Any CPU
		{11A4FFBF-5349-4404-9349-8AFAA6668D69}.Release|Any CPU.ActiveCfg = Release|Any CPU
		{11A4FFBF-5349-4404-9349-8AFAA6668D69}.Release|Any CPU.Build.0 = Release|Any CPU
		{11A4FFBF-5349-4404-9349-8AFAA6668D69}.Release|x64.ActiveCfg = Release|Any CPU
		{11A4FFBF-5349-4404-9349-8AFAA6668D69}.Release|x64.Build.0 = Release|Any CPU
		{11A4FFBF-5349-4404-9349-8AFAA6668D69}.Release|x86.ActiveCfg = Release|Any CPU
		{11A4FFBF-5349-4404-9349-8AFAA6668D69}.Release|x86.Build.0 = Release|Any CPU
	EndGlobalSection
	GlobalSection(NestedProjects) = preSolution
		{6B487889-2AA6-4AA7-9415-596F4C7166AB} = {C6E27B2C-7D3E-4DA2-8D93-363AB1709AB3}
		{11A4FFBF-5349-4404-9349-8AFAA6668D69} = {621D835E-711C-4858-BA86-BC04F50AAEEA}
	EndGlobalSection
EndGlobal
